
Microsoft Visual Studio Solution File, Format Version 12.00
# Visual Studio Version 17
VisualStudioVersion = 17.0.31903.59
MinimumVisualStudioVersion = 10.0.40219.1
Project("{FAE04EC0-301F-11D3-BF4B-00C04F79EFBC}") = "SupportTicket.Domain", "SupportTicket.Domain\SupportTicket.Domain.csproj", "{F887BE19-9598-4C4F-9658-C42C6C1AC125}"
EndProject
Project("{FAE04EC0-301F-11D3-BF4B-00C04F79EFBC}") = "SupportTicket.Application", "SupportTicket.Application\SupportTicket.Application.csproj", "{BA47B24F-593F-469E-A8C5-A51ED9CAFBE0}"
EndProject
Project("{FAE04EC0-301F-11D3-BF4B-00C04F79EFBC}") = "SupportTicket.Infrastructure", "SupportTicket.Infrastructure\SupportTicket.Infrastructure.csproj", "{64BF78AF-237F-488F-B2D1-E74A77E47926}"
EndProject
Project("{FAE04EC0-301F-11D3-BF4B-00C04F79EFBC}") = "SupportTicket.API", "SupportTicket.API\SupportTicket.API.csproj", "{FC945654-1F20-4778-91F4-1FDD6604F0D8}"
EndProject
Project("{FAE04EC0-301F-11D3-BF4B-00C04F79EFBC}") = "SupportTicket.UnitTests", "..\tests\SupportTicket.UnitTests\SupportTicket.UnitTests.csproj", "{86BA1F34-8EE2-470F-9FCA-1BCDB6E6B899}"
EndProject
Project("{FAE04EC0-301F-11D3-BF4B-00C04F79EFBC}") = "SupportTicket.IntegrationTests", "..\tests\SupportTicket.IntegrationTests\SupportTicket.IntegrationTests.csproj", "{4F6BE81A-A0B8-4D81-A0CA-7B0679E71E29}"
EndProject
Global
	GlobalSection(SolutionConfigurationPlatforms) = preSolution
		Debug|Any CPU = Debug|Any CPU
		Debug|x64 = Debug|x64
		Debug|x86 = Debug|x86
		Release|Any CPU = Release|Any CPU
		Release|x64 = Release|x64
		Release|x86 = Release|x86
	EndGlobalSection
	GlobalSection(ProjectConfigurationPlatforms) = postSolution
		{F887BE19-9598-4C4F-9658-C42C6C1AC125}.Debug|Any CPU.ActiveCfg = Debug|Any CPU
		{F887BE19-9598-4C4F-9658-C42C6C1AC125}.Debug|Any CPU.Build.0 = Debug|Any CPU
		{F887BE19-9598-4C4F-9658-C42C6C1AC125}.Debug|x64.ActiveCfg = Debug|Any CPU
		{F887BE19-9598-4C4F-9658-C42C6C1AC125}.Debug|x64.Build.0 = Debug|Any CPU
		{F887BE19-9598-4C4F-9658-C42C6C1AC125}.Debug|x86.ActiveCfg = Debug|Any CPU
		{F887BE19-9598-4C4F-9658-C42C6C1AC125}.Debug|x86.Build.0 = Debug|Any CPU
		{F887BE19-9598-4C4F-9658-C42C6C1AC125}.Release|Any CPU.ActiveCfg = Release|Any CPU
		{F887BE19-9598-4C4F-9658-C42C6C1AC125}.Release|Any CPU.Build.0 = Release|Any CPU
		{F887BE19-9598-4C4F-9658-C42C6C1AC125}.Release|x64.ActiveCfg = Release|Any CPU
		{F887BE19-9598-4C4F-9658-C42C6C1AC125}.Release|x64.Build.0 = Release|Any CPU
		{F887BE19-9598-4C4F-9658-C42C6C1AC125}.Release|x86.ActiveCfg = Release|Any CPU
		{F887BE19-9598-4C4F-9658-C42C6C1AC125}.Release|x86.Build.0 = Release|Any CPU
		{BA47B24F-593F-469E-A8C5-A51ED9CAFBE0}.Debug|Any CPU.ActiveCfg = Debug|Any CPU
		{BA47B24F-593F-469E-A8C5-A51ED9CAFBE0}.Debug|Any CPU.Build.0 = Debug|Any CPU
		{BA47B24F-593F-469E-A8C5-A51ED9CAFBE0}.Debug|x64.ActiveCfg = Debug|Any CPU
		{BA47B24F-593F-469E-A8C5-A51ED9CAFBE0}.Debug|x64.Build.0 = Debug|Any CPU
		{BA47B24F-593F-469E-A8C5-A51ED9CAFBE0}.Debug|x86.ActiveCfg = Debug|Any CPU
		{BA47B24F-593F-469E-A8C5-A51ED9CAFBE0}.Debug|x86.Build.0 = Debug|Any CPU
		{BA47B24F-593F-469E-A8C5-A51ED9CAFBE0}.Release|Any CPU.ActiveCfg = Release|Any CPU
		{BA47B24F-593F-469E-A8C5-A51ED9CAFBE0}.Release|Any CPU.Build.0 = Release|Any CPU
		{BA47B24F-593F-469E-A8C5-A51ED9CAFBE0}.Release|x64.ActiveCfg = Release|Any CPU
		{BA47B24F-593F-469E-A8C5-A51ED9CAFBE0}.Release|x64.Build.0 = Release|Any CPU
		{BA47B24F-593F-469E-A8C5-A51ED9CAFBE0}.Release|x86.ActiveCfg = Release|Any CPU
		{BA47B24F-593F-469E-A8C5-A51ED9CAFBE0}.Release|x86.Build.0 = Release|Any CPU
		{64BF78AF-237F-488F-B2D1-E74A77E47926}.Debug|Any CPU.ActiveCfg = Debug|Any CPU
		{64BF78AF-237F-488F-B2D1-E74A77E47926}.Debug|Any CPU.Build.0 = Debug|Any CPU
		{64BF78AF-237F-488F-B2D1-E74A77E47926}.Debug|x64.ActiveCfg = Debug|Any CPU
		{64BF78AF-237F-488F-B2D1-E74A77E47926}.Debug|x64.Build.0 = Debug|Any CPU
		{64BF78AF-237F-488F-B2D1-E74A77E47926}.Debug|x86.ActiveCfg = Debug|Any CPU
		{64BF78AF-237F-488F-B2D1-E74A77E47926}.Debug|x86.Build.0 = Debug|Any CPU
		{64BF78AF-237F-488F-B2D1-E74A77E47926}.Release|Any CPU.ActiveCfg = Release|Any CPU
		{64BF78AF-237F-488F-B2D1-E74A77E47926}.Release|Any CPU.Build.0 = Release|Any CPU
		{64BF78AF-237F-488F-B2D1-E74A77E47926}.Release|x64.ActiveCfg = Release|Any CPU
		{64BF78AF-237F-488F-B2D1-E74A77E47926}.Release|x64.Build.0 = Release|Any CPU
		{64BF78AF-237F-488F-B2D1-E74A77E47926}.Release|x86.ActiveCfg = Release|Any CPU
		{64BF78AF-237F-488F-B2D1-E74A77E47926}.Release|x86.Build.0 = Release|Any CPU
		{FC945654-1F20-4778-91F4-1FDD6604F0D8}.Debug|Any CPU.ActiveCfg = Debug|Any CPU
		{FC945654-1F20-4778-91F4-1FDD6604F0D8}.Debug|Any CPU.Build.0 = Debug|Any CPU
		{FC945654-1F20-4778-91F4-1FDD6604F0D8}.Debug|x64.ActiveCfg = Debug|Any CPU
		{FC945654-1F20-4778-91F4-1FDD6604F0D8}.Debug|x64.Build.0 = Debug|Any CPU
		{FC945654-1F20-4778-91F4-1FDD6604F0D8}.Debug|x86.ActiveCfg = Debug|Any CPU
		{FC945654-1F20-4778-91F4-1FDD6604F0D8}.Debug|x86.Build.0 = Debug|Any CPU
		{FC945654-1F20-4778-91F4-1FDD6604F0D8}.Release|Any CPU.ActiveCfg = Release|Any CPU
		{FC945654-1F20-4778-91F4-1FDD6604F0D8}.Release|Any CPU.Build.0 = Release|Any CPU
		{FC945654-1F20-4778-91F4-1FDD6604F0D8}.Release|x64.ActiveCfg = Release|Any CPU
		{FC945654-1F20-4778-91F4-1FDD6604F0D8}.Release|x64.Build.0 = Release|Any CPU
		{FC945654-1F20-4778-91F4-1FDD6604F0D8}.Release|x86.ActiveCfg = Release|Any CPU
		{FC945654-1F20-4778-91F4-1FDD6604F0D8}.Release|x86.Build.0 = Release|Any CPU
		{86BA1F34-8EE2-470F-9FCA-1BCDB6E6B899}.Debug|Any CPU.ActiveCfg = Debug|Any CPU
		{86BA1F34-8EE2-470F-9FCA-1BCDB6E6B899}.Debug|Any CPU.Build.0 = Debug|Any CPU
		{86BA1F34-8EE2-470F-9FCA-1BCDB6E6B899}.Debug|x64.ActiveCfg = Debug|Any CPU
		{86BA1F34-8EE2-470F-9FCA-1BCDB6E6B899}.Debug|x64.Build.0 = Debug|Any CPU
		{86BA1F34-8EE2-470F-9FCA-1BCDB6E6B899}.Debug|x86.ActiveCfg = Debug|Any CPU
		{86BA1F34-8EE2-470F-9FCA-1BCDB6E6B899}.Debug|x86.Build.0 = Debug|Any CPU
		{86BA1F34-8EE2-470F-9FCA-1BCDB6E6B899}.Release|Any CPU.ActiveCfg = Release|Any CPU
		{86BA1F34-8EE2-470F-9FCA-1BCDB6E6B899}.Release|Any CPU.Build.0 = Release|Any CPU
		{86BA1F34-8EE2-470F-9FCA-1BCDB6E6B899}.Release|x64.ActiveCfg = Release|Any CPU
		{86BA1F34-8EE2-470F-9FCA-1BCDB6E6B899}.Release|x64.Build.0 = Release|Any CPU
		{86BA1F34-8EE2-470F-9FCA-1BCDB6E6B899}.Release|x86.ActiveCfg = Release|Any CPU
		{86BA1F34-8EE2-470F-9FCA-1BCDB6E6B899}.Release|x86.Build.0 = Release|Any CPU
		{4F6BE81A-A0B8-4D81-A0CA-7B0679E71E29}.Debug|Any CPU.ActiveCfg = Debug|Any CPU
		{4F6BE81A-A0B8-4D81-A0CA-7B0679E71E29}.Debug|Any CPU.Build.0 = Debug|Any CPU
		{4F6BE81A-A0B8-4D81-A0CA-7B0679E71E29}.Debug|x64.ActiveCfg = Debug|Any CPU
		{4F6BE81A-A0B8-4D81-A0CA-7B0679E71E29}.Debug|x64.Build.0 = Debug|Any CPU
		{4F6BE81A-A0B8-4D81-A0CA-7B0679E71E29}.Debug|x86.ActiveCfg = Debug|Any CPU
		{4F6BE81A-A0B8-4D81-A0CA-7B0679E71E29}.Debug|x86.Build.0 = Debug|Any CPU
		{4F6BE81A-A0B8-4D81-A0CA-7B0679E71E29}.Release|Any CPU.ActiveCfg = Release|Any CPU
		{4F6BE81A-A0B8-4D81-A0CA-7B0679E71E29}.Release|Any CPU.Build.0 = Release|Any CPU
		{4F6BE81A-A0B8-4D81-A0CA-7B0679E71E29}.Release|x64.ActiveCfg = Release|Any CPU
		{4F6BE81A-A0B8-4D81-A0CA-7B0679E71E29}.Release|x64.Build.0 = Release|Any CPU
		{4F6BE81A-A0B8-4D81-A0CA-7B0679E71E29}.Release|x86.ActiveCfg = Release|Any CPU
		{4F6BE81A-A0B8-4D81-A0CA-7B0679E71E29}.Release|x86.Build.0 = Release|Any CPU
	EndGlobalSection
	GlobalSection(SolutionProperties) = preSolution
		HideSolutionNode = FALSE
	EndGlobalSection
EndGlobal
